
Microsoft Visual Studio Solution File, Format Version 12.00
# Visual Studio 15
VisualStudioVersion = 15.0.26730.8
MinimumVisualStudioVersion = 10.0.40219.1
Project("{FAE04EC0-301F-11D3-BF4B-00C04F79EFBC}") = "StringBuilder", "StringBuilder\StringBuilder.csproj", "{A1274D40-7511-4A62-A8E8-8C431E82D388}"
EndProject
Global
	GlobalSection(SolutionConfigurationPlatforms) = preSolution
		Debug|Any CPU = Debug|Any CPU
		Release|Any CPU = Release|Any CPU
	EndGlobalSection
	GlobalSection(ProjectConfigurationPlatforms) = postSolution
		{A1274D40-7511-4A62-A8E8-8C431E82D388}.Debug|Any CPU.ActiveCfg = Debug|Any CPU
		{A1274D40-7511-4A62-A8E8-8C431E82D388}.Debug|Any CPU.Build.0 = Debug|Any CPU
		{A1274D40-7511-4A62-A8E8-8C431E82D388}.Release|Any CPU.ActiveCfg = Release|Any CPU
		{A1274D40-7511-4A62-A8E8-8C431E82D388}.Release|Any CPU.Build.0 = Release|Any CPU
	EndGlobalSection
	GlobalSection(SolutionProperties) = preSolution
		HideSolutionNode = FALSE
	EndGlobalSection
	GlobalSection(ExtensibilityGlobals) = postSolution
		SolutionGuid = {804B5769-7270-41CC-BB89-FCB6DC70B5D4}
	EndGlobalSection
EndGlobal
